<?xml version="1.0" encoding="utf-8"?>
<Project ToolsVersion="4.0" xmlns="http://schemas.microsoft.com/developer/msbuild/2003">
  <ItemGroup>
    <Filter Include="Resource Files">
      <UniqueIdentifier>{D9D6E242-F8AF-46E4-B9FD-80ECBC20BA3E}</UniqueIdentifier>
      <Extensions>qrc;*</Extensions>
      <ParseFiles>false</ParseFiles>
    </Filter>
    <Filter Include="Form Files">
      <UniqueIdentifier>{99349809-55BA-4b9d-BF79-8FDBB0286EB3}</UniqueIdentifier>
      <Extensions>ui</Extensions>
    </Filter>
    <Filter Include="Resource Files">
      <UniqueIdentifier>{D9D6E242-F8AF-46E4-B9FD-80ECBC20BA3E}</UniqueIdentifier>
      <Extensions>qrc;*</Extensions>
      <ParseFiles>false</ParseFiles>
    </Filter>
    <Filter Include="Generated Files">
      <UniqueIdentifier>{71ED8ED8-ACB9-4CE9-BBE1-E00B30144E11}</UniqueIdentifier>
      <Extensions>moc;h;cpp</Extensions>
      <SourceControlFiles>False</SourceControlFiles>
    </Filter>
    <Filter Include="Generated Files\Debug">
      <UniqueIdentifier>{fc43975b-e02c-4650-9b8f-10a724124069}</UniqueIdentifier>
      <Extensions>cpp;moc</Extensions>
      <SourceControlFiles>False</SourceControlFiles>
    </Filter>
    <Filter Include="Generated Files\Release">
      <UniqueIdentifier>{c3a76a77-c0b9-4557-b1bf-8fa785918ba0}</UniqueIdentifier>
      <Extensions>cpp;moc</Extensions>
      <SourceControlFiles>False</SourceControlFiles>
    </Filter>
    <Filter Include="include">
      <UniqueIdentifier>{4FC737F1-C7A5-4376-A066-2A32D752A2FF}</UniqueIdentifier>
      <Extensions>cpp;c;cc;cxx;def;odl;idl;hpj;bat;asm;asmx</Extensions>
    </Filter>
    <Filter Include="include\ui">
      <UniqueIdentifier>{32dd4874-4eb6-42c8-b7df-202817304895}</UniqueIdentifier>
    </Filter>
    <Filter Include="include\file">
      <UniqueIdentifier>{b838347c-fcf3-4cb7-afc3-62bcd435169e}</UniqueIdentifier>
    </Filter>
    <Filter Include="include\observer">
      <UniqueIdentifier>{dc279f83-71e5-407f-8479-3377a69829f8}</UniqueIdentifier>
    </Filter>
    <Filter Include="include\grabber">
      <UniqueIdentifier>{fe1bec2e-cdf9-4bac-8960-1f7e6e79734a}</UniqueIdentifier>
    </Filter>
    <Filter Include="include\arduino">
      <UniqueIdentifier>{253a9609-4400-4eba-b1c8-e99253ea4726}</UniqueIdentifier>
    </Filter>
    <Filter Include="include\pointCloud">
      <UniqueIdentifier>{280da0a5-e5cf-4f99-8d90-38612368cd83}</UniqueIdentifier>
    </Filter>
    <Filter Include="include\grabber\rs">
      <UniqueIdentifier>{b09c1161-0be2-426a-8d6a-7ea8eb8f751f}</UniqueIdentifier>
    </Filter>
    <Filter Include="include\grabber\flexx">
      <UniqueIdentifier>{80ce7a3f-465b-4661-85b7-fcea50212d0c}</UniqueIdentifier>
    </Filter>
    <Filter Include="include\grabber\rs\rsgrabber">
      <UniqueIdentifier>{0c57734f-93e9-4c4a-94cb-54ce8794a411}</UniqueIdentifier>
    </Filter>
    <Filter Include="include\pointCloudProcessing">
      <UniqueIdentifier>{8b14c8f6-74f7-4053-8a55-51ae727dc3c6}</UniqueIdentifier>
    </Filter>
    <Filter Include="include\pointCloudProcessing\feature">
      <UniqueIdentifier>{828e12c0-c8d7-4f87-b9e5-638f0e2d0c85}</UniqueIdentifier>
    </Filter>
  </ItemGroup>
  <ItemGroup>
    <ClCompile Include="include\main.cpp">
      <Filter>include</Filter>
    </ClCompile>
    <ClCompile Include="include\ui\MainWindow.cpp">
      <Filter>include\ui</Filter>
    </ClCompile>
    <ClCompile Include="GeneratedFiles\Debug\moc_MainWindow.cpp">
      <Filter>Generated Files\Debug</Filter>
    </ClCompile>
    <ClCompile Include="GeneratedFiles\Release\moc_MainWindow.cpp">
      <Filter>Generated Files\Release</Filter>
    </ClCompile>
    <ClCompile Include="include\observer\IObserver.cpp">
      <Filter>include\observer</Filter>
    </ClCompile>
    <ClCompile Include="GeneratedFiles\Debug\moc_IObserver.cpp">
      <Filter>Generated Files\Debug</Filter>
    </ClCompile>
    <ClCompile Include="GeneratedFiles\Release\moc_IObserver.cpp">
      <Filter>Generated Files\Release</Filter>
    </ClCompile>
    <ClCompile Include="include\arduino\tserial.cpp">
      <Filter>include\arduino</Filter>
    </ClCompile>
    <ClCompile Include="include\grabber\GrabberFactory.cpp">
      <Filter>include\grabber</Filter>
    </ClCompile>
    <ClCompile Include="include\observer\ObserverFactory.cpp">
      <Filter>include\observer</Filter>
    </ClCompile>
    <ClCompile Include="include\grabber\flexx\Flexx.cpp">
      <Filter>include\grabber\flexx</Filter>
    </ClCompile>
    <ClCompile Include="include\grabber\rs\RS.cpp">
      <Filter>include\grabber\rs</Filter>
    </ClCompile>
    <ClCompile Include="include\grabber\rs\rsgrabber\real_sense_grabber.cpp">
      <Filter>include\grabber\rs\rsgrabber</Filter>
    </ClCompile>
    <ClCompile Include="include\pointCloudProcessing\feature\FeatureFactory.cpp">
      <Filter>include\pointCloudProcessing\feature</Filter>
    </ClCompile>
    <ClCompile Include="include\pointCloudProcessing\feature\FeatureProcessing.cpp">
      <Filter>include\pointCloudProcessing\feature</Filter>
    </ClCompile>
    <ClCompile Include="include\pointCloudProcessing\feature\MyPFH.cpp">
      <Filter>include\pointCloudProcessing\feature</Filter>
    </ClCompile>
  </ItemGroup>
  <ItemGroup>
    <CustomBuild Include="MainWindow.ui">
      <Filter>Form Files</Filter>
    </CustomBuild>
    <CustomBuild Include="MainWindow.qrc">
      <Filter>Resource Files</Filter>
    </CustomBuild>
    <CustomBuild Include="include\ui\MainWindow.h">
      <Filter>include\ui</Filter>
    </CustomBuild>
    <CustomBuild Include="include\observer\IObserver.h">
      <Filter>include\observer</Filter>
    </CustomBuild>
  </ItemGroup>
  <ItemGroup>
    <ClInclude Include="include\ui\Viewer.h">
      <Filter>include\ui</Filter>
    </ClInclude>
    <ClInclude Include="include\grabber\Grabber.h">
      <Filter>include\grabber</Filter>
    </ClInclude>
    <ClInclude Include="include\grabber\GrabberFactory.h">
      <Filter>include\grabber</Filter>
    </ClInclude>
    <ClInclude Include="include\observer\ObserverFactory.h">
      <Filter>include\observer</Filter>
    </ClInclude>
    <ClInclude Include="include\arduino\tserial.h">
      <Filter>include\arduino</Filter>
    </ClInclude>
    <ClInclude Include="GeneratedFiles\ui_MainWindow.h">
      <Filter>Generated Files\Release</Filter>
    </ClInclude>
    <ClInclude Include="include\file\3DFile.h">
      <Filter>include\file</Filter>
    </ClInclude>
    <ClInclude Include="include\file\FileFactory.h">
      <Filter>include\file</Filter>
    </ClInclude>
    <ClInclude Include="include\file\ObjFile.h">
      <Filter>include\file</Filter>
    </ClInclude>
    <ClInclude Include="include\file\PcdFile.h">
      <Filter>include\file</Filter>
    </ClInclude>
    <ClInclude Include="include\file\PlyFile.h">
      <Filter>include\file</Filter>
    </ClInclude>
    <ClInclude Include="include\arduino\Arduino.h">
      <Filter>include\arduino</Filter>
    </ClInclude>
    <ClInclude Include="include\Conversion.h">
      <Filter>include</Filter>
    </ClInclude>
    <ClInclude Include="include\pointCloud\MyPointCloud.h">
      <Filter>include\pointCloud</Filter>
    </ClInclude>
    <ClInclude Include="include\pointCloud\MyPointClouds.h">
      <Filter>include\pointCloud</Filter>
    </ClInclude>
    <ClInclude Include="include\grabber\flexx\Flexx.h">
      <Filter>include\grabber\flexx</Filter>
    </ClInclude>
    <ClInclude Include="include\grabber\rs\RS.h">
      <Filter>include\grabber\rs</Filter>
    </ClInclude>
    <ClInclude Include="include\grabber\rs\rsgrabber\buffers.h">
      <Filter>include\grabber\rs\rsgrabber</Filter>
    </ClInclude>
    <ClInclude Include="include\grabber\rs\rsgrabber\buffers.hpp">
      <Filter>include\grabber\rs\rsgrabber</Filter>
    </ClInclude>
    <ClInclude Include="include\grabber\rs\rsgrabber\io_exception.h">
      <Filter>include\grabber\rs\rsgrabber</Filter>
    </ClInclude>
    <ClInclude Include="include\grabber\rs\rsgrabber\real_sense_device_manager.h">
      <Filter>include\grabber\rs\rsgrabber</Filter>
    </ClInclude>
    <ClInclude Include="include\grabber\rs\rsgrabber\real_sense_grabber.h">
      <Filter>include\grabber\rs\rsgrabber</Filter>
    </ClInclude>
    <ClInclude Include="include\grabber\rs\rsgrabber\time.h">
      <Filter>include\grabber\rs\rsgrabber</Filter>
    </ClInclude>
    <ClInclude Include="include\pointCloudProcessing\feature\FeatureFactory.h">
      <Filter>include\pointCloudProcessing\feature</Filter>
    </ClInclude>
    <ClInclude Include="include\pointCloudProcessing\feature\FeatureProcessing.h">
      <Filter>include\pointCloudProcessing\feature</Filter>
    </ClInclude>
    <ClInclude Include="include\pointCloudProcessing\feature\MyPFH.h">
      <Filter>include\pointCloudProcessing\feature</Filter>
    </ClInclude>
  </ItemGroup>
</Project>